
Microsoft Visual Studio Solution File, Format Version 12.00
# Visual Studio 15
VisualStudioVersion = 15.0.28307.329
MinimumVisualStudioVersion = 10.0.40219.1
Project("{FAE04EC0-301F-11D3-BF4B-00C04F79EFBC}") = "StorageOptimization", "Storage Optimization\StorageOptimization.csproj", "{06304922-1A3B-49E2-8044-108B2A221FAB}"
EndProject
Project("{FAE04EC0-301F-11D3-BF4B-00C04F79EFBC}") = "UnitTests", "UnitTests\UnitTests.csproj", "{99BCA668-6458-42FE-8943-73238EDAE47E}"
EndProject
Global
	GlobalSection(SolutionConfigurationPlatforms) = preSolution
		Debug|Any CPU = Debug|Any CPU
		Release|Any CPU = Release|Any CPU
	EndGlobalSection
	GlobalSection(ProjectConfigurationPlatforms) = postSolution
		{06304922-1A3B-49E2-8044-108B2A221FAB}.Debug|Any CPU.ActiveCfg = Debug|Any CPU
		{06304922-1A3B-49E2-8044-108B2A221FAB}.Debug|Any CPU.Build.0 = Debug|Any CPU
		{06304922-1A3B-49E2-8044-108B2A221FAB}.Release|Any CPU.ActiveCfg = Release|Any CPU
		{06304922-1A3B-49E2-8044-108B2A221FAB}.Release|Any CPU.Build.0 = Release|Any CPU
		{99BCA668-6458-42FE-8943-73238EDAE47E}.Debug|Any CPU.ActiveCfg = Debug|Any CPU
		{99BCA668-6458-42FE-8943-73238EDAE47E}.Debug|Any CPU.Build.0 = Debug|Any CPU
		{99BCA668-6458-42FE-8943-73238EDAE47E}.Release|Any CPU.ActiveCfg = Release|Any CPU
		{99BCA668-6458-42FE-8943-73238EDAE47E}.Release|Any CPU.Build.0 = Release|Any CPU
	EndGlobalSection
	GlobalSection(SolutionProperties) = preSolution
		HideSolutionNode = FALSE
	EndGlobalSection
	GlobalSection(ExtensibilityGlobals) = postSolution
		SolutionGuid = {15BD4C64-34A4-43E5-8495-917B2C7C5A19}
	EndGlobalSection
EndGlobal
